{
  "name": "fusion-monorepo",
  "version": "0.1.0",
  "lockfileVersion": 3,
  "requires": true,
  "packages": {
    "": {
      "name": "fusion-monorepo",
      "version": "0.1.0",
      "workspaces": [
        "packages/*"
      ],
      "devDependencies": {
        "typescript": "^5.8.3"
      },
      "engines": {
        "node": ">=20"
      }
    },
    "node_modules/@ikangai/fusion-cli": {
      "resolved": "packages/cli",
      "link": true
    },
    "node_modules/@ikangai/fusion-core": {
      "resolved": "packages/core",
      "link": true
    },
    "node_modules/typescript": {
      "version": "5.9.3",
      "resolved": "https://registry.npmjs.org/typescript/-/typescript-5.9.3.tgz",
      "integrity": "sha512-jl1vZzPDinLr9eUt3J/t7V6FgNEw9QjvBPdysz9KfQDD41fQrC2Y4vKQdiaUpFT4bXlb1RHhLpp8wtm6M5TgSw==",
      "dev": true,
      "license": "Apache-2.0",
      "bin": {
        "tsc": "bin/tsc",
        "tsserver": "bin/tsserver"
      },
      "engines": {
        "node": ">=14.17"
      }
    },
    "packages/cli": {
      "name": "@ikangai/fusion-cli",
      "version": "0.1.0",
      "dependencies": {
        "@ikangai/fusion-core": "0.1.0"
      },
      "bin": {
        "fusion": "dist/index.js"
      },
      "engines": {
        "node": ">=18"
      }
    },
    "packages/core": {
      "name": "@ikangai/fusion-core",
      "version": "0.1.0",
      "engines": {
        "node": ">=18"
      }
    }
  }
}
